
Microsoft Visual Studio Solution File, Format Version 12.00
# Visual Studio Version 17
VisualStudioVersion = 17.0.31919.166
MinimumVisualStudioVersion = 10.0.40219.1
Project("{FAE04EC0-301F-11D3-BF4B-00C04F79EFBC}") = "DefaultMVCAPP_NET5", "DefaultMVCAPP_NET5\DefaultMVCAPP_NET5.csproj", "{6FFDA7F4-E27A-4799-BC6B-03C8AFEB5E90}"
EndProject
Project("{FAE04EC0-301F-11D3-BF4B-00C04F79EFBC}") = "DefaultMVCAPP_NET6", "DefaultMVCAPP_NET6\DefaultMVCAPP_NET6.csproj", "{EDE468E8-1F58-4140-B19C-045AEB6C677A}"
EndProject
Project("{2150E333-8FDC-42A3-9474-1A3956D46DE8}") = "FAQ", "FAQ", "{9A2F799F-189D-420C-9CDC-5734EADA52EE}"
	ProjectSection(SolutionItems) = preProject
		Questions.txt = Questions.txt
	EndProjectSection
EndProject
Global
	GlobalSection(SolutionConfigurationPlatforms) = preSolution
		Debug|Any CPU = Debug|Any CPU
		Release|Any CPU = Release|Any CPU
	EndGlobalSection
	GlobalSection(ProjectConfigurationPlatforms) = postSolution
		{6FFDA7F4-E27A-4799-BC6B-03C8AFEB5E90}.Debug|Any CPU.ActiveCfg = Debug|Any CPU
		{6FFDA7F4-E27A-4799-BC6B-03C8AFEB5E90}.Debug|Any CPU.Build.0 = Debug|Any CPU
		{6FFDA7F4-E27A-4799-BC6B-03C8AFEB5E90}.Release|Any CPU.ActiveCfg = Release|Any CPU
		{6FFDA7F4-E27A-4799-BC6B-03C8AFEB5E90}.Release|Any CPU.Build.0 = Release|Any CPU
		{EDE468E8-1F58-4140-B19C-045AEB6C677A}.Debug|Any CPU.ActiveCfg = Debug|Any CPU
		{EDE468E8-1F58-4140-B19C-045AEB6C677A}.Debug|Any CPU.Build.0 = Debug|Any CPU
		{EDE468E8-1F58-4140-B19C-045AEB6C677A}.Release|Any CPU.ActiveCfg = Release|Any CPU
		{EDE468E8-1F58-4140-B19C-045AEB6C677A}.Release|Any CPU.Build.0 = Release|Any CPU
	EndGlobalSection
	GlobalSection(SolutionProperties) = preSolution
		HideSolutionNode = FALSE
	EndGlobalSection
	GlobalSection(ExtensibilityGlobals) = postSolution
		SolutionGuid = {C4BDEA2A-B782-4C46-A96A-4EB86C7074EC}
	EndGlobalSection
EndGlobal
