
Microsoft Visual Studio Solution File, Format Version 12.00
# Visual Studio Version 17
VisualStudioVersion = 17.0.31919.166
MinimumVisualStudioVersion = 10.0.40219.1
Project("{FAE04EC0-301F-11D3-BF4B-00C04F79EFBC}") = "CSharp10_Features", "CSharp10_Features\CSharp10_Features.csproj", "{2EFB0FC9-1468-453E-8660-15E2487FD99F}"
EndProject
Global
	GlobalSection(SolutionConfigurationPlatforms) = preSolution
		Debug|Any CPU = Debug|Any CPU
		Release|Any CPU = Release|Any CPU
	EndGlobalSection
	GlobalSection(ProjectConfigurationPlatforms) = postSolution
		{2EFB0FC9-1468-453E-8660-15E2487FD99F}.Debug|Any CPU.ActiveCfg = Debug|Any CPU
		{2EFB0FC9-1468-453E-8660-15E2487FD99F}.Debug|Any CPU.Build.0 = Debug|Any CPU
		{2EFB0FC9-1468-453E-8660-15E2487FD99F}.Release|Any CPU.ActiveCfg = Release|Any CPU
		{2EFB0FC9-1468-453E-8660-15E2487FD99F}.Release|Any CPU.Build.0 = Release|Any CPU
	EndGlobalSection
	GlobalSection(SolutionProperties) = preSolution
		HideSolutionNode = FALSE
	EndGlobalSection
	GlobalSection(ExtensibilityGlobals) = postSolution
		SolutionGuid = {C2E24B8F-0990-42FB-8B27-64DB8F27CBF9}
	EndGlobalSection
EndGlobal
