
Microsoft Visual Studio Solution File, Format Version 12.00
# Visual Studio Version 17
VisualStudioVersion = 17.0.31919.166
MinimumVisualStudioVersion = 10.0.40219.1
Project("{FAE04EC0-301F-11D3-BF4B-00C04F79EFBC}") = "LoggingSamplesInMVC", "LoggingSamplesInMVC\LoggingSamplesInMVC.csproj", "{449F38BB-DF5B-4169-990C-D516A344EFD9}"
EndProject
Global
	GlobalSection(SolutionConfigurationPlatforms) = preSolution
		Debug|Any CPU = Debug|Any CPU
		Release|Any CPU = Release|Any CPU
	EndGlobalSection
	GlobalSection(ProjectConfigurationPlatforms) = postSolution
		{449F38BB-DF5B-4169-990C-D516A344EFD9}.Debug|Any CPU.ActiveCfg = Debug|Any CPU
		{449F38BB-DF5B-4169-990C-D516A344EFD9}.Debug|Any CPU.Build.0 = Debug|Any CPU
		{449F38BB-DF5B-4169-990C-D516A344EFD9}.Release|Any CPU.ActiveCfg = Release|Any CPU
		{449F38BB-DF5B-4169-990C-D516A344EFD9}.Release|Any CPU.Build.0 = Release|Any CPU
	EndGlobalSection
	GlobalSection(SolutionProperties) = preSolution
		HideSolutionNode = FALSE
	EndGlobalSection
	GlobalSection(ExtensibilityGlobals) = postSolution
		SolutionGuid = {6F1A9D0C-73A2-47C1-BD01-2E6CB20CC119}
	EndGlobalSection
EndGlobal
